<Solution>
  <Folder Name="/src/">
    <Project Path="src/CSweet.SatelliteOffice.Runtime.Abstractions/CSweet.SatelliteOffice.Runtime.Abstractions.csproj" />
    <Project Path="src/CSweet.SatelliteOffice.Runtime.Core/CSweet.SatelliteOffice.Runtime.Core.csproj" />
    <Project Path="src/CSweet.SatelliteOffice.Runtime.Protocol/CSweet.SatelliteOffice.Runtime.Protocol.csproj" />
    <Project Path="src/CSweet.SatelliteOffice.Runtime.LocalRpc/CSweet.SatelliteOffice.Runtime.LocalRpc.csproj" />
    <Project Path="src/CSweet.SatelliteOffice.Runtime.Artifacts/CSweet.SatelliteOffice.Runtime.Artifacts.csproj" />
    <Project Path="src/CSweet.SatelliteOffice.Runtime.HyperV/CSweet.SatelliteOffice.Runtime.HyperV.csproj" />
    <Project Path="src/CSweet.SatelliteOffice.Runtime.HyperV.Helper/CSweet.SatelliteOffice.Runtime.HyperV.Helper.csproj" />
    <Project Path="src/CSweet.SatelliteOffice.Runtime.Firecracker/CSweet.SatelliteOffice.Runtime.Firecracker.csproj" />
    <Project Path="src/CSweet.SatelliteOffice.Runtime.Firecracker.Helper/CSweet.SatelliteOffice.Runtime.Firecracker.Helper.csproj" />
    <Project Path="src/CSweet.SatelliteOffice.Runtime.AppleVirtualization/CSweet.SatelliteOffice.Runtime.AppleVirtualization.csproj" />
    <Project Path="src/CSweet.SatelliteOffice.BuilderGuest/CSweet.SatelliteOffice.BuilderGuest.csproj" />
    <Project Path="src/CSweet.SatelliteOffice.RuntimeGuest/CSweet.SatelliteOffice.RuntimeGuest.csproj" />
    <Project Path="src/CSweet.SatelliteOffice.GuestProbe/CSweet.SatelliteOffice.GuestProbe.csproj" />
    <Project Path="src/CSweet.SatelliteOffice.Node/CSweet.SatelliteOffice.Node.csproj" />
    <Project Path="src/CSweet.SatelliteOffice.RuntimeHost/CSweet.SatelliteOffice.RuntimeHost.csproj" />
    <Project Path="src/CSweet.SatelliteOffice.WindowsSmokeTest/CSweet.SatelliteOffice.WindowsSmokeTest.csproj" />
  </Folder>
  <Folder Name="/tests/">
    <Project Path="tests/CSweet.SatelliteOffice.Tests/CSweet.SatelliteOffice.Tests.csproj" />
  </Folder>
  <Folder Name="/dependencies/">
    <Project Path="../CSweet.SatelliteOffice.Contracts/src/CSweet.SatelliteOffice.Contracts/CSweet.SatelliteOffice.Contracts.csproj" />
  </Folder>
</Solution>
